
Microsoft Visual Studio Solution File, Format Version 12.00
# Visual Studio 15
VisualStudioVersion = 15.0.28307.1000
MinimumVisualStudioVersion = 10.0.40219.1
Project("{FAE04EC0-301F-11D3-BF4B-00C04F79EFBC}") = "DateTimeCheckerApplication", "DateTimeCheckerApplication\DateTimeCheckerApplication.csproj", "{6021BB5A-AEAF-4581-8EC6-F20271F7CDF8}"
EndProject
Project("{FAE04EC0-301F-11D3-BF4B-00C04F79EFBC}") = "Tests", "Tests\Tests.csproj", "{06F52B74-ACBE-4251-A5F8-718385F69431}"
EndProject
Global
	GlobalSection(SolutionConfigurationPlatforms) = preSolution
		Debug|Any CPU = Debug|Any CPU
		Release|Any CPU = Release|Any CPU
	EndGlobalSection
	GlobalSection(ProjectConfigurationPlatforms) = postSolution
		{6021BB5A-AEAF-4581-8EC6-F20271F7CDF8}.Debug|Any CPU.ActiveCfg = Debug|Any CPU
		{6021BB5A-AEAF-4581-8EC6-F20271F7CDF8}.Debug|Any CPU.Build.0 = Debug|Any CPU
		{6021BB5A-AEAF-4581-8EC6-F20271F7CDF8}.Release|Any CPU.ActiveCfg = Release|Any CPU
		{6021BB5A-AEAF-4581-8EC6-F20271F7CDF8}.Release|Any CPU.Build.0 = Release|Any CPU
		{06F52B74-ACBE-4251-A5F8-718385F69431}.Debug|Any CPU.ActiveCfg = Debug|Any CPU
		{06F52B74-ACBE-4251-A5F8-718385F69431}.Debug|Any CPU.Build.0 = Debug|Any CPU
		{06F52B74-ACBE-4251-A5F8-718385F69431}.Release|Any CPU.ActiveCfg = Release|Any CPU
		{06F52B74-ACBE-4251-A5F8-718385F69431}.Release|Any CPU.Build.0 = Release|Any CPU
	EndGlobalSection
	GlobalSection(SolutionProperties) = preSolution
		HideSolutionNode = FALSE
	EndGlobalSection
	GlobalSection(ExtensibilityGlobals) = postSolution
		SolutionGuid = {9ED4A077-078E-4BDB-A1DD-45A0A75DA5FA}
	EndGlobalSection
EndGlobal
